{
  "requires": true,
  "lockfileVersion": 1,
  "dependencies": {
    "media-query-mixins": {
      "version": "2.1.1",
      "resolved": "https://registry.npmjs.org/media-query-mixins/-/media-query-mixins-2.1.1.tgz",
      "integrity": "sha512-hxf+esxuHfpXca1sxrAXCYaKY3q553IQcH1/Dshgc9sYAxDoe6ZIYC6nNxK/tWrHd5bzF/qxoTh10kjwI6y7Gg=="
    }
  }
}
